
Microsoft Visual Studio Solution File, Format Version 12.00
# Visual Studio Version 17
VisualStudioVersion = 17.14.36518.9 d17.14
MinimumVisualStudioVersion = 10.0.40219.1
Project("{FAE04EC0-301F-11D3-BF4B-00C04F79EFBC}") = "Calculator", "Calculator.csproj", "{55E9901A-B8BB-4FEA-B75F-83AB9EFA7D61}"
EndProject
Global
	GlobalSection(SolutionConfigurationPlatforms) = preSolution
		Debug|Any CPU = Debug|Any CPU
		Release|Any CPU = Release|Any CPU
	EndGlobalSection
	GlobalSection(ProjectConfigurationPlatforms) = postSolution
		{55E9901A-B8BB-4FEA-B75F-83AB9EFA7D61}.Debug|Any CPU.ActiveCfg = Debug|Any CPU
		{55E9901A-B8BB-4FEA-B75F-83AB9EFA7D61}.Debug|Any CPU.Build.0 = Debug|Any CPU
		{55E9901A-B8BB-4FEA-B75F-83AB9EFA7D61}.Release|Any CPU.ActiveCfg = Release|Any CPU
		{55E9901A-B8BB-4FEA-B75F-83AB9EFA7D61}.Release|Any CPU.Build.0 = Release|Any CPU
	EndGlobalSection
	GlobalSection(SolutionProperties) = preSolution
		HideSolutionNode = FALSE
	EndGlobalSection
	GlobalSection(ExtensibilityGlobals) = postSolution
		SolutionGuid = {A35C6223-DFE4-424A-9D4B-89F7A8619302}
	EndGlobalSection
EndGlobal
