
Microsoft Visual Studio Solution File, Format Version 12.00
# Visual Studio Version 17
VisualStudioVersion = 17.14.36518.9 d17.14
MinimumVisualStudioVersion = 10.0.40219.1
Project("{FAE04EC0-301F-11D3-BF4B-00C04F79EFBC}") = "week10", "week10.csproj", "{34C7D907-2EC7-4410-8C48-A09CA1FA2D04}"
EndProject
Global
	GlobalSection(SolutionConfigurationPlatforms) = preSolution
		Debug|Any CPU = Debug|Any CPU
		Release|Any CPU = Release|Any CPU
	EndGlobalSection
	GlobalSection(ProjectConfigurationPlatforms) = postSolution
		{34C7D907-2EC7-4410-8C48-A09CA1FA2D04}.Debug|Any CPU.ActiveCfg = Debug|Any CPU
		{34C7D907-2EC7-4410-8C48-A09CA1FA2D04}.Debug|Any CPU.Build.0 = Debug|Any CPU
		{34C7D907-2EC7-4410-8C48-A09CA1FA2D04}.Release|Any CPU.ActiveCfg = Release|Any CPU
		{34C7D907-2EC7-4410-8C48-A09CA1FA2D04}.Release|Any CPU.Build.0 = Release|Any CPU
	EndGlobalSection
	GlobalSection(SolutionProperties) = preSolution
		HideSolutionNode = FALSE
	EndGlobalSection
	GlobalSection(ExtensibilityGlobals) = postSolution
		SolutionGuid = {BB71740E-56D5-48BB-813F-7117D63E78AD}
	EndGlobalSection
EndGlobal
