
Microsoft Visual Studio Solution File, Format Version 12.00
# Visual Studio Version 17
VisualStudioVersion = 17.14.36518.9 d17.14
MinimumVisualStudioVersion = 10.0.40219.1
Project("{FAE04EC0-301F-11D3-BF4B-00C04F79EFBC}") = "Project1", "Project1.csproj", "{F00D9C89-5E4B-498F-9BC4-A5B41B065708}"
EndProject
Global
	GlobalSection(SolutionConfigurationPlatforms) = preSolution
		Debug|Any CPU = Debug|Any CPU
		Release|Any CPU = Release|Any CPU
	EndGlobalSection
	GlobalSection(ProjectConfigurationPlatforms) = postSolution
		{F00D9C89-5E4B-498F-9BC4-A5B41B065708}.Debug|Any CPU.ActiveCfg = Debug|Any CPU
		{F00D9C89-5E4B-498F-9BC4-A5B41B065708}.Debug|Any CPU.Build.0 = Debug|Any CPU
		{F00D9C89-5E4B-498F-9BC4-A5B41B065708}.Release|Any CPU.ActiveCfg = Release|Any CPU
		{F00D9C89-5E4B-498F-9BC4-A5B41B065708}.Release|Any CPU.Build.0 = Release|Any CPU
	EndGlobalSection
	GlobalSection(SolutionProperties) = preSolution
		HideSolutionNode = FALSE
	EndGlobalSection
	GlobalSection(ExtensibilityGlobals) = postSolution
		SolutionGuid = {523B8966-B0B7-4F2D-A453-52700AE767F3}
	EndGlobalSection
EndGlobal
