
Microsoft Visual Studio Solution File, Format Version 12.00
# Visual Studio Version 17
VisualStudioVersion = 17.14.36518.9 d17.14
MinimumVisualStudioVersion = 10.0.40219.1
Project("{FAE04EC0-301F-11D3-BF4B-00C04F79EFBC}") = "v.3.0", "v.3.0.csproj", "{1EB5316F-C83A-42E2-A005-FA17E1BE7479}"
EndProject
Global
	GlobalSection(SolutionConfigurationPlatforms) = preSolution
		Debug|Any CPU = Debug|Any CPU
		Release|Any CPU = Release|Any CPU
	EndGlobalSection
	GlobalSection(ProjectConfigurationPlatforms) = postSolution
		{1EB5316F-C83A-42E2-A005-FA17E1BE7479}.Debug|Any CPU.ActiveCfg = Debug|Any CPU
		{1EB5316F-C83A-42E2-A005-FA17E1BE7479}.Debug|Any CPU.Build.0 = Debug|Any CPU
		{1EB5316F-C83A-42E2-A005-FA17E1BE7479}.Release|Any CPU.ActiveCfg = Release|Any CPU
		{1EB5316F-C83A-42E2-A005-FA17E1BE7479}.Release|Any CPU.Build.0 = Release|Any CPU
	EndGlobalSection
	GlobalSection(SolutionProperties) = preSolution
		HideSolutionNode = FALSE
	EndGlobalSection
	GlobalSection(ExtensibilityGlobals) = postSolution
		SolutionGuid = {A0F38060-8997-407C-B238-B5CAC638D543}
	EndGlobalSection
EndGlobal
